
Microsoft Visual Studio Solution File, Format Version 12.00
# Visual Studio Version 17
VisualStudioVersion = 17.6.33829.357
MinimumVisualStudioVersion = 10.0.40219.1
Project("{2150E333-8FDC-42A3-9474-1A3956D46DE8}") = "src", "src", "{11D04F1F-63F8-41C4-ACA9-CBE4611DD9D5}"
EndProject
Project("{FAE04EC0-301F-11D3-BF4B-00C04F79EFBC}") = "BudgetManagementSystem.Api", "BudgetManagementSystem.Api\BudgetManagementSystem.Api.csproj", "{1A589F5E-EE62-49AF-92D9-2A6D37EBA373}"
EndProject
Global
	GlobalSection(SolutionConfigurationPlatforms) = preSolution
		Debug|Any CPU = Debug|Any CPU
		Release|Any CPU = Release|Any CPU
	EndGlobalSection
	GlobalSection(ProjectConfigurationPlatforms) = postSolution
		{1A589F5E-EE62-49AF-92D9-2A6D37EBA373}.Debug|Any CPU.ActiveCfg = Debug|Any CPU
		{1A589F5E-EE62-49AF-92D9-2A6D37EBA373}.Debug|Any CPU.Build.0 = Debug|Any CPU
		{1A589F5E-EE62-49AF-92D9-2A6D37EBA373}.Release|Any CPU.ActiveCfg = Release|Any CPU
		{1A589F5E-EE62-49AF-92D9-2A6D37EBA373}.Release|Any CPU.Build.0 = Release|Any CPU
	EndGlobalSection
	GlobalSection(SolutionProperties) = preSolution
		HideSolutionNode = FALSE
	EndGlobalSection
	GlobalSection(NestedProjects) = preSolution
		{1A589F5E-EE62-49AF-92D9-2A6D37EBA373} = {11D04F1F-63F8-41C4-ACA9-CBE4611DD9D5}
	EndGlobalSection
	GlobalSection(ExtensibilityGlobals) = postSolution
		SolutionGuid = {5F411FB9-7C51-49ED-B0F2-90752A36628E}
	EndGlobalSection
EndGlobal
